
Microsoft Visual Studio Solution File, Format Version 12.00
# Visual Studio Version 16
VisualStudioVersion = 25.0.1704.2
MinimumVisualStudioVersion = 10.0.40219.1
Project("{FAE04EC0-301F-11D3-BF4B-00C04F79EFBC}") = "hometask7", "hometask7\hometask7.csproj", "{054F57ED-9762-4E91-A52E-9D2971B9C728}"
EndProject
Global
	GlobalSection(SolutionConfigurationPlatforms) = preSolution
		Debug|Any CPU = Debug|Any CPU
		Release|Any CPU = Release|Any CPU
	EndGlobalSection
	GlobalSection(ProjectConfigurationPlatforms) = postSolution
		{054F57ED-9762-4E91-A52E-9D2971B9C728}.Debug|Any CPU.ActiveCfg = Debug|Any CPU
		{054F57ED-9762-4E91-A52E-9D2971B9C728}.Debug|Any CPU.Build.0 = Debug|Any CPU
		{054F57ED-9762-4E91-A52E-9D2971B9C728}.Release|Any CPU.ActiveCfg = Release|Any CPU
		{054F57ED-9762-4E91-A52E-9D2971B9C728}.Release|Any CPU.Build.0 = Release|Any CPU
	EndGlobalSection
	GlobalSection(SolutionProperties) = preSolution
		HideSolutionNode = FALSE
	EndGlobalSection
	GlobalSection(ExtensibilityGlobals) = postSolution
		SolutionGuid = {9091AE01-8A09-4D4C-B19A-ACBEA6E2E719}
	EndGlobalSection
EndGlobal
